// !$*UTF8*$!
{
	archiveVersion = 1;
	classes = {
	};
	objectVersion = 46;
	objects = {

/* Begin PBXBuildFile section */
		F9804D8A1D91E0D0001631F0 /* AppDelegate.swift in Sources */ = {isa = PBXBuildFile; fileRef = F9804D891D91E0D0001631F0 /* AppDelegate.swift */; };
		F9804D8C1D91E0D0001631F0 /* ViewController.swift in Sources */ = {isa = PBXBuildFile; fileRef = F9804D8B1D91E0D0001631F0 /* ViewController.swift */; };
		F9804D8F1D91E0D0001631F0 /* Main.storyboard in Resources */ = {isa = PBXBuildFile; fileRef = F9804D8D1D91E0D0001631F0 /* Main.storyboard */; };
		F9804D911D91E0D0001631F0 /* Assets.xcassets in Resources */ = {isa = PBXBuildFile; fileRef = F9804D901D91E0D0001631F0 /* Assets.xcassets */; };
		F9804D941D91E0D0001631F0 /* LaunchScreen.storyboard in Resources */ = {isa = PBXBuildFile; fileRef = F9804D921D91E0D0001631F0 /* LaunchScreen.storyboard */; };
/* End PBXBuildFile section */

/* Begin PBXFileReference section */
		F9804D861D91E0D0001631F0 /* Three Amigos.app */ = {isa = PBXFileReference; explicitFileType = wrapper.application; includeInIndex = 0; path = "Three Amigos.app"; sourceTree = BUILT_PRODUCTS_DIR; };
		F9804D891D91E0D0001631F0 /* AppDelegate.swift */ = {isa = PBXFileReference; lastKnownFileType = sourcecode.swift; path = AppDelegate.swift; sourceTree = "<group>"; };
		F9804D8B1D91E0D0001631F0 /* ViewController.swift */ = {isa = PBXFileReference; lastKnownFileType = sourcecode.swift; path = ViewController.swift; sourceTree = "<group>"; };
		F9804D8E1D91E0D0001631F0 /* Base */ = {isa = PBXFileReference; lastKnownFileType = file.storyboard; name = Base; path = Base.lproj/Main.storyboard; sourceTree = "<group>"; };
		F9804D901D91E0D0001631F0 /* Assets.xcassets */ = {isa = PBXFileReference; lastKnownFileType = folder.assetcatalog; path = Assets.xcassets; sourceTree = "<group>"; };
		F9804D931D91E0D0001631F0 /* Base */ = {isa = PBXFileReference; lastKnownFileType = file.storyboard; name = Base; path = Base.lproj/LaunchScreen.storyboard; sourceTree = "<group>"; };
		F9804D951D91E0D0001631F0 /* Info.plist */ = {isa = PBXFileReference; lastKnownFileType = text.plist.xml; path = Info.plist; sourceTree = "<group>"; };
/* End PBXFileReference section */

/* Begin PBXFrameworksBuildPhase section */
		F9804D831D91E0D0001631F0 /* Frameworks */ = {
			isa = PBXFrameworksBuildPhase;
			buildActionMask = 2147483647;
			files = (
			);
			runOnlyForDeploymentPostprocessing = 0;
		};
/* End PBXFrameworksBuildPhase section */

/* Begin PBXGroup section */
		F9804D7D1D91E0D0001631F0 = {
			isa = PBXGroup;
			children = (
				F9804D881D91E0D0001631F0 /* Three Amigos */,
				F9804D871D91E0D0001631F0 /* Products */,
			);
			sourceTree = "<group>";
		};
		F9804D871D91E0D0001631F0 /* Products */ = {
			isa = PBXGroup;
			children = (
				F9804D861D91E0D0001631F0 /* Three Amigos.app */,
			);
			name = Products;
			sourceTree = "<group>";
		};
		F9804D881D91E0D0001631F0 /* Three Amigos */ = {
			isa = PBXGroup;
			children = (
				F9804D891D91E0D0001631F0 /* AppDelegate.swift */,
				F9804D8B1D91E0D0001631F0 /* ViewController.swift */,
				F9804D8D1D91E0D0001631F0 /* Main.storyboard */,
				F9804D901D91E0D0001631F0 /* Assets.xcassets */,
				F9804D921D91E0D0001631F0 /* LaunchScreen.storyboard */,
				F9804D951D91E0D0001631F0 /* Info.plist */,
			);
			path = "Three Amigos";
			sourceTree = "<group>";
		};
/* End PBXGroup section */

/* Begin PBXNativeTarget section */
		F9804D851D91E0D0001631F0 /* Three Amigos */ = {
			isa = PBXNativeTarget;
			buildConfigurationList = F9804D981D91E0D0001631F0 /* Build configuration list for PBXNativeTarget "Three Amigos" */;
			buildPhases = (
				F9804D821D91E0D0001631F0 /* Sources */,
				F9804D831D91E0D0001631F0 /* Frameworks */,
				F9804D841D91E0D0001631F0 /* Resources */,
			);
			buildRules = (
			);
			dependencies = (
			);
			name = "Three Amigos";
			productName = "Three Amigos";
			productReference = F9804D861D91E0D0001631F0 /* Three Amigos.app */;
			productType = "com.apple.product-type.application";
		};
/* End PBXNativeTarget section */

/* Begin PBXProject section */
		F9804D7E1D91E0D0001631F0 /* Project object */ = {
			isa = PBXProject;
			attributes = {
				LastSwiftUpdateCheck = 0800;
				LastUpgradeCheck = 0800;
				ORGANIZATIONNAME = "Algonquin College";
				TargetAttributes = {
					F9804D851D91E0D0001631F0 = {
						CreatedOnToolsVersion = 8.0;
						ProvisioningStyle = Automatic;
					};
				};
			};
			buildConfigurationList = F9804D811D91E0D0001631F0 /* Build configuration list for PBXProject "Three Amigos" */;
			compatibilityVersion = "Xcode 3.2";
			developmentRegion = English;
			hasScannedForEncodings = 0;
			knownRegions = (
				en,
				Base,
			);
			mainGroup = F9804D7D1D91E0D0001631F0;
			productRefGroup = F9804D871D91E0D0001631F0 /* Products */;
			projectDirPath = "";
			projectRoot = "";
			targets = (
				F9804D851D91E0D0001631F0 /* Three Amigos */,
			);
		};
/* End PBXProject section */

/* Begin PBXResourcesBuildPhase section */
		F9804D841D91E0D0001631F0 /* Resources */ = {
			isa = PBXResourcesBuildPhase;
			buildActionMask = 2147483647;
			files = (
				F9804D941D91E0D0001631F0 /* LaunchScreen.storyboard in Resources */,
				F9804D911D91E0D0001631F0 /* Assets.xcassets in Resources */,
				F9804D8F1D91E0D0001631F0 /* Main.storyboard in Resources */,
			);
			runOnlyForDeploymentPostprocessing = 0;
		};
/* End PBXResourcesBuildPhase section */

/* Begin PBXSourcesBuildPhase section */
		F9804D821D91E0D0001631F0 /* Sources */ = {
			isa = PBXSourcesBuildPhase;
			buildActionMask = 2147483647;
			files = (
				F9804D8C1D91E0D0001631F0 /* ViewController.swift in Sources */,
				F9804D8A1D91E0D0001631F0 /* AppDelegate.swift in Sources */,
			);
			runOnlyForDeploymentPostprocessing = 0;
		};
/* End PBXSourcesBuildPhase section */

/* Begin PBXVariantGroup section */
		F9804D8D1D91E0D0001631F0 /* Main.storyboard */ = {
			isa = PBXVariantGroup;
			children = (
				F9804D8E1D91E0D0001631F0 /* Base */,
			);
			name = Main.storyboard;
			sourceTree = "<group>";
		};
		F9804D921D91E0D0001631F0 /* LaunchScreen.storyboard */ = {
			isa = PBXVariantGroup;
			children = (
				F9804D931D91E0D0001631F0 /* Base */,
			);
			name = LaunchScreen.storyboard;
			sourceTree = "<group>";
		};
/* End PBXVariantGroup section */

/* Begin XCBuildConfiguration section */
		F9804D961D91E0D0001631F0 /* Debug */ = {
			isa = XCBuildConfiguration;
			buildSettings = {
				ALWAYS_SEARCH_USER_PATHS = NO;
				CLANG_ANALYZER_NONNULL = YES;
				CLANG_CXX_LANGUAGE_STANDARD = "gnu++0x";
				CLANG_CXX_LIBRARY = "libc++";
				CLANG_ENABLE_MODULES = YES;
				CLANG_ENABLE_OBJC_ARC = YES;
				CLANG_WARN_BOOL_CONVERSION = YES;
				CLANG_WARN_CONSTANT_CONVERSION = YES;
				CLANG_WARN_DIRECT_OBJC_ISA_USAGE = YES_ERROR;
				CLANG_WARN_DOCUMENTATION_COMMENTS = YES;
				CLANG_WARN_EMPTY_BODY = YES;
				CLANG_WARN_ENUM_CONVERSION = YES;
				CLANG_WARN_INFINITE_RECURSION = YES;
				CLANG_WARN_INT_CONVERSION = YES;
				CLANG_WARN_OBJC_ROOT_CLASS = YES_ERROR;
				CLANG_WARN_SUSPICIOUS_MOVES = YES;
				CLANG_WARN_UNREACHABLE_CODE = YES;
				CLANG_WARN__DUPLICATE_METHOD_MATCH = YES;
				"CODE_SIGN_IDENTITY[sdk=iphoneos*]" = "iPhone Developer";
				COPY_PHASE_STRIP = NO;
				DEBUG_INFORMATION_FORMAT = dwarf;
				ENABLE_STRICT_OBJC_MSGSEND = YES;
				ENABLE_TESTABILITY = YES;
				GCC_C_LANGUAGE_STANDARD = gnu99;
				GCC_DYNAMIC_NO_PIC = NO;
				GCC_NO_COMMON_BLOCKS = YES;
				GCC_OPTIMIZATION_LEVEL = 0;
				GCC_PREPROCESSOR_DEFINITIONS = (
					"DEBUG=1",
					"$(inherited)",
				);
				GCC_WARN_64_TO_32_BIT_CONVERSION = YES;
				GCC_WARN_ABOUT_RETURN_TYPE = YES_ERROR;
				GCC_WARN_UNDECLARED_SELECTOR = YES;
				GCC_WARN_UNINITIALIZED_AUTOS = YES_AGGRESSIVE;
				GCC_WARN_UNUSED_FUNCTION = YES;
				GCC_WARN_UNUSED_VARIABLE = YES;
				IPHONEOS_DEPLOYMENT_TARGET = 10.0;
				MTL_ENABLE_DEBUG_INFO = YES;
				ONLY_ACTIVE_ARCH = YES;
				SDKROOT = iphoneos;
				SWIFT_ACTIVE_COMPILATION_CONDITIONS = DEBUG;
				SWIFT_OPTIMIZATION_LEVEL = "-Onone";
			};
			name = Debug;
		};
		F9804D971D91E0D0001631F0 /* Release */ = {
			isa = XCBuildConfiguration;
			buildSettings = {
				ALWAYS_SEARCH_USER_PATHS = NO;
				CLANG_ANALYZER_NONNULL = YES;
				CLANG_CXX_LANGUAGE_STANDARD = "gnu++0x";
				CLANG_CXX_LIBRARY = "libc++";
				CLANG_ENABLE_MODULES = YES;
				CLANG_ENABLE_OBJC_ARC = YES;
				CLANG_WARN_BOOL_CONVERSION = YES;
				CLANG_WARN_CONSTANT_CONVERSION = YES;
				CLANG_WARN_DIRECT_OBJC_ISA_USAGE = YES_ERROR;
				CLANG_WARN_DOCUMENTATION_COMMENTS = YES;
				CLANG_WARN_EMPTY_BODY = YES;
				CLANG_WARN_ENUM_CONVERSION = YES;
				CLANG_WARN_INFINITE_RECURSION = YES;
				CLANG_WARN_INT_CONVERSION = YES;
				CLANG_WARN_OBJC_ROOT_CLASS = YES_ERROR;
				CLANG_WARN_SUSPICIOUS_MOVES = YES;
				CLANG_WARN_UNREACHABLE_CODE = YES;
				CLANG_WARN__DUPLICATE_METHOD_MATCH = YES;
				"CODE_SIGN_IDENTITY[sdk=iphoneos*]" = "iPhone Developer";
				COPY_PHASE_STRIP = NO;
				DEBUG_INFORMATION_FORMAT = "dwarf-with-dsym";
				ENABLE_NS_ASSERTIONS = NO;
				ENABLE_STRICT_OBJC_MSGSEND = YES;
				GCC_C_LANGUAGE_STANDARD = gnu99;
				GCC_NO_COMMON_BLOCKS = YES;
				GCC_WARN_64_TO_32_BIT_CONVERSION = YES;
				GCC_WARN_ABOUT_RETURN_TYPE = YES_ERROR;
				GCC_WARN_UNDECLARED_SELECTOR = YES;
				GCC_WARN_UNINITIALIZED_AUTOS = YES_AGGRESSIVE;
				GCC_WARN_UNUSED_FUNCTION = YES;
				GCC_WARN_UNUSED_VARIABLE = YES;
				IPHONEOS_DEPLOYMENT_TARGET = 10.0;
				MTL_ENABLE_DEBUG_INFO = NO;
				SDKROOT = iphoneos;
				SWIFT_OPTIMIZATION_LEVEL = "-Owholemodule";
				VALIDATE_PRODUCT = YES;
			};
			name = Release;
		};
		F9804D991D91E0D0001631F0 /* Debug */ = {
			isa = XCBuildConfiguration;
			buildSettings = {
				ASSETCATALOG_COMPILER_APPICON_NAME = AppIcon;
				INFOPLIST_FILE = "Three Amigos/Info.plist";
				LD_RUNPATH_SEARCH_PATHS = "$(inherited) @executable_path/Frameworks";
				PRODUCT_BUNDLE_IDENTIFIER = "com.AlgonquinCollege.toug0008.Three-Amigos";
				PRODUCT_NAME = "$(TARGET_NAME)";
				SWIFT_VERSION = 3.0;
			};
			name = Debug;
		};
		F9804D9A1D91E0D0001631F0 /* Release */ = {
			isa = XCBuildConfiguration;
			buildSettings = {
				ASSETCATALOG_COMPILER_APPICON_NAME = AppIcon;
				INFOPLIST_FILE = "Three Amigos/Info.plist";
				LD_RUNPATH_SEARCH_PATHS = "$(inherited) @executable_path/Frameworks";
				PRODUCT_BUNDLE_IDENTIFIER = "com.AlgonquinCollege.toug0008.Three-Amigos";
				PRODUCT_NAME = "$(TARGET_NAME)";
				SWIFT_VERSION = 3.0;
			};
			name = Release;
		};
/* End XCBuildConfiguration section */

/* Begin XCConfigurationList section */
		F9804D811D91E0D0001631F0 /* Build configuration list for PBXProject "Three Amigos" */ = {
			isa = XCConfigurationList;
			buildConfigurations = (
				F9804D961D91E0D0001631F0 /* Debug */,
				F9804D971D91E0D0001631F0 /* Release */,
			);
			defaultConfigurationIsVisible = 0;
			defaultConfigurationName = Release;
		};
		F9804D981D91E0D0001631F0 /* Build configuration list for PBXNativeTarget "Three Amigos" */ = {
			isa = XCConfigurationList;
			buildConfigurations = (
				F9804D991D91E0D0001631F0 /* Debug */,
				F9804D9A1D91E0D0001631F0 /* Release */,
			);
			defaultConfigurationIsVisible = 0;
		};
/* End XCConfigurationList section */
	};
	rootObject = F9804D7E1D91E0D0001631F0 /* Project object */;
}
